{
  "requires": true,
  "lockfileVersion": 1,
  "dependencies": {
    "core-js": {
      "version": "3.8.1",
      "resolved": "https://registry.npm.taobao.org/core-js/download/core-js-3.8.1.tgz?cache=0&sync_timestamp=1607215867411&other_urls=https%3A%2F%2Fregistry.npm.taobao.org%2Fcore-js%2Fdownload%2Fcore-js-3.8.1.tgz",
      "integrity": "sha1-9RUjZorIopTRKFw7nbRAJf2mbUc="
    }
  }
}
